
Microsoft Visual Studio Solution File, Format Version 12.00
# Visual Studio 15
VisualStudioVersion = 15.0.27703.2042
MinimumVisualStudioVersion = 10.0.40219.1
Project("{FAE04EC0-301F-11D3-BF4B-00C04F79EFBC}") = "Juomasivut Webapi2", "Juomasivut Webapi2\Juomasivut Webapi2.csproj", "{023D9ECA-2EC7-44E8-B39C-A3F9675929FE}"
EndProject
Global
	GlobalSection(SolutionConfigurationPlatforms) = preSolution
		Debug|Any CPU = Debug|Any CPU
		Release|Any CPU = Release|Any CPU
	EndGlobalSection
	GlobalSection(ProjectConfigurationPlatforms) = postSolution
		{023D9ECA-2EC7-44E8-B39C-A3F9675929FE}.Debug|Any CPU.ActiveCfg = Debug|Any CPU
		{023D9ECA-2EC7-44E8-B39C-A3F9675929FE}.Debug|Any CPU.Build.0 = Debug|Any CPU
		{023D9ECA-2EC7-44E8-B39C-A3F9675929FE}.Release|Any CPU.ActiveCfg = Release|Any CPU
		{023D9ECA-2EC7-44E8-B39C-A3F9675929FE}.Release|Any CPU.Build.0 = Release|Any CPU
	EndGlobalSection
	GlobalSection(SolutionProperties) = preSolution
		HideSolutionNode = FALSE
	EndGlobalSection
	GlobalSection(ExtensibilityGlobals) = postSolution
		SolutionGuid = {A455438D-769F-49EE-B665-FC25C8124E55}
	EndGlobalSection
EndGlobal
